lockfileVersion: '6.0'

dependencies:
  monaco-editor:
    specifier: '*'
    version: registry.npmmirror.com/monaco-editor@0.0.1

devDependencies:
  monaco-editor-nls:
    specifier: '*'
    version: registry.npmmirror.com/monaco-editor-nls@0.0.1
  monaco-editor-webpack-plugin:
    specifier: '*'
    version: registry.npmmirror.com/monaco-editor-webpack-plugin@1.0.0(monaco-editor@0.0.1)(webpack@0.1.0)
  webpack:
    specifier: '*'
    version: registry.npmmirror.com/webpack@0.1.0

packages:

  registry.npmmirror.com/esprima@0.9.8:
    resolution: {integrity: sha512-2E+baqrFdAszMd1SfgRbUG1ndUAFQI6nzIKYz5f26bzoFRPqfEoTPXVvw7u9ZjpMysENE8nxyiiOLGp1tvojNQ==, registry: https://registry.npm.taobao.org/, tarball: https://registry.npmmirror.com/esprima/-/esprima-0.9.8.tgz}
    name: esprima
    version: 0.9.8
    engines: {node: '>=0.4.0'}
    hasBin: true
    dev: true

  registry.npmmirror.com/monaco-editor-nls@0.0.1:
    resolution: {integrity: sha512-Cw0B6klVfHVcUHqXbPHoaiUzAn7fnrTmFrJe9sA7OdT9FQGDrJvTKTE6Mt2ZhH5ko27mwKFMC6diRWkX6KnOLg==, registry: https://registry.npm.taobao.org/, tarball: https://registry.npmmirror.com/monaco-editor-nls/-/monaco-editor-nls-0.0.1.tgz}
    name: monaco-editor-nls
    version: 0.0.1
    dev: true

  registry.npmmirror.com/monaco-editor-webpack-plugin@1.0.0(monaco-editor@0.0.1)(webpack@0.1.0):
    resolution: {integrity: sha512-V9SlKw/+lHkDEULhgdOTwdhErngxRomv9ov44PDzNeAM0B6TMK8zQ4cS2jHC1L32kqVB2KneNOvC8full7TzWA==, registry: https://registry.npm.taobao.org/, tarball: https://registry.npmmirror.com/monaco-editor-webpack-plugin/-/monaco-editor-webpack-plugin-1.0.0.tgz}
    id: registry.npmmirror.com/monaco-editor-webpack-plugin/1.0.0
    name: monaco-editor-webpack-plugin
    version: 1.0.0
    peerDependencies:
      monaco-editor: ^0.11.1
      webpack: ^4.5.0
    dependencies:
      monaco-editor: registry.npmmirror.com/monaco-editor@0.0.1
      webpack: registry.npmmirror.com/webpack@0.1.0
    dev: true

  registry.npmmirror.com/monaco-editor@0.0.1:
    resolution: {integrity: sha512-YlMpur+omIST28MqPzQlsuoG1+0ZEE4oOdz2L/2PzO5mM7yj0mp+Rf9EgZJg7YlqRpGNS/Egx2WeTaMVNgKBpw==, registry: https://registry.npm.taobao.org/, tarball: https://registry.npmmirror.com/monaco-editor/-/monaco-editor-0.0.1.tgz}
    name: monaco-editor
    version: 0.0.1

  registry.npmmirror.com/optimist@0.2.8:
    resolution: {integrity: sha512-Wy7E3cQDpqsTIFyW7m22hSevyTLxw850ahYv7FWsw4G6MIKVTZ8NSA95KBrQ95a4SMsMr1UGUUnwEFKhVaSzIg==, registry: https://registry.npm.taobao.org/, tarball: https://registry.npmmirror.com/optimist/-/optimist-0.2.8.tgz}
    name: optimist
    version: 0.2.8
    dependencies:
      wordwrap: registry.npmmirror.com/wordwrap@0.0.3
    dev: true

  registry.npmmirror.com/uglify-js@1.2.5:
    resolution: {integrity: sha512-Ps1oQryKOcRDYuAN1tGpPWd/DIRMcdLz4p7JMxLjJiFvp+aaG01IEu0ZSoVvYUSxIkvW7k2X50BCW2InguEGlg==, registry: https://registry.npm.taobao.org/, tarball: https://registry.npmmirror.com/uglify-js/-/uglify-js-1.2.5.tgz}
    name: uglify-js
    version: 1.2.5
    hasBin: true
    dev: true

  registry.npmmirror.com/webpack@0.1.0:
    resolution: {integrity: sha512-Yff9prOQpOppNeYXKhEvzJPrE8AZIhVc6inJFi+8jUzDh5PrNC407Ek76Pk+eA+Nx9K1aqbUkMMbr9TJuMiPRw==, registry: https://registry.npm.taobao.org/, tarball: https://registry.npmmirror.com/webpack/-/webpack-0.1.0.tgz}
    name: webpack
    version: 0.1.0
    engines: {node: '>=0.1.30'}
    hasBin: true
    peerDependencies:
      webpack-cli: '*'
      webpack-command: '*'
    peerDependenciesMeta:
      webpack-cli:
        optional: true
      webpack-command:
        optional: true
    dependencies:
      esprima: registry.npmmirror.com/esprima@0.9.8
      optimist: registry.npmmirror.com/optimist@0.2.8
      uglify-js: registry.npmmirror.com/uglify-js@1.2.5
    dev: true

  registry.npmmirror.com/wordwrap@0.0.3:
    resolution: {integrity: sha512-1tMA907+V4QmxV7dbRvb4/8MaRALK6q9Abid3ndMYnbyo8piisCmeONVqVSXqQA3KaP4SLt5b7ud6E2sqP8TFw==, registry: https://registry.npm.taobao.org/, tarball: https://registry.npmmirror.com/wordwrap/-/wordwrap-0.0.3.tgz}
    name: wordwrap
    version: 0.0.3
    engines: {node: '>=0.4.0'}
    dev: true
